
Microsoft Visual Studio Solution File, Format Version 12.00
# Visual Studio Version 17
VisualStudioVersion = 17.5.33424.131
MinimumVisualStudioVersion = 10.0.40219.1
Project("{FAE04EC0-301F-11D3-BF4B-00C04F79EFBC}") = "Banking.UnitTests", "Banking.UnitTests\Banking.UnitTests.csproj", "{984F34DF-AD05-454F-9BCA-7775222D161E}"
EndProject
Project("{FAE04EC0-301F-11D3-BF4B-00C04F79EFBC}") = "Banking.Domain", "Banking.Domain\Banking.Domain.csproj", "{D08C22FB-E691-4BA6-A341-785BCCFCB82E}"
EndProject
Global
	GlobalSection(SolutionConfigurationPlatforms) = preSolution
		Debug|Any CPU = Debug|Any CPU
		Release|Any CPU = Release|Any CPU
	EndGlobalSection
	GlobalSection(ProjectConfigurationPlatforms) = postSolution
		{984F34DF-AD05-454F-9BCA-7775222D161E}.Debug|Any CPU.ActiveCfg = Debug|Any CPU
		{984F34DF-AD05-454F-9BCA-7775222D161E}.Debug|Any CPU.Build.0 = Debug|Any CPU
		{984F34DF-AD05-454F-9BCA-7775222D161E}.Release|Any CPU.ActiveCfg = Release|Any CPU
		{984F34DF-AD05-454F-9BCA-7775222D161E}.Release|Any CPU.Build.0 = Release|Any CPU
		{D08C22FB-E691-4BA6-A341-785BCCFCB82E}.Debug|Any CPU.ActiveCfg = Debug|Any CPU
		{D08C22FB-E691-4BA6-A341-785BCCFCB82E}.Debug|Any CPU.Build.0 = Debug|Any CPU
		{D08C22FB-E691-4BA6-A341-785BCCFCB82E}.Release|Any CPU.ActiveCfg = Release|Any CPU
		{D08C22FB-E691-4BA6-A341-785BCCFCB82E}.Release|Any CPU.Build.0 = Release|Any CPU
	EndGlobalSection
	GlobalSection(SolutionProperties) = preSolution
		HideSolutionNode = FALSE
	EndGlobalSection
	GlobalSection(ExtensibilityGlobals) = postSolution
		SolutionGuid = {0057FCA5-4CE5-499C-BF73-84543DAFDA33}
	EndGlobalSection
EndGlobal
